<?xml version="1.0" encoding="utf-8"?>
<Project ToolsVersion="4.0" xmlns="http://schemas.microsoft.com/developer/msbuild/2003">
  <ItemGroup>
    <Filter Include="Source Files">
      <UniqueIdentifier>{4FC737F1-C7A5-4376-A066-2A32D752A2FF}</UniqueIdentifier>
      <Extensions>cpp;c;cc;cxx;c++;cppm;ixx;def;odl;idl;hpj;bat;asm;asmx</Extensions>
    </Filter>
    <Filter Include="Header Files">
      <UniqueIdentifier>{93995380-89BD-4b04-88EB-625FBE52EBFB}</UniqueIdentifier>
      <Extensions>h;hh;hpp;hxx;h++;hm;inl;inc;ipp;xsd</Extensions>
    </Filter>
    <Filter Include="Resource Files">
      <UniqueIdentifier>{67DA6AB6-F800-4c08-8B7A-83BB121AAD01}</UniqueIdentifier>
      <Extensions>rc;ico;cur;bmp;dlg;rc2;rct;bin;rgs;gif;jpg;jpeg;jpe;resx;tiff;tif;png;wav;mfcribbon-ms</Extensions>
    </Filter>
    <Filter Include="Header Files\Steam">
      <UniqueIdentifier>{c2c47b3e-9036-4c31-817d-42de3bc05a3a}</UniqueIdentifier>
    </Filter>
  </ItemGroup>
  <ItemGroup>
    <ClCompile Include="Main.cpp">
      <Filter>Source Files</Filter>
    </ClCompile>
    <ClCompile Include="ConfigManager.cpp">
      <Filter>Source Files</Filter>
    </ClCompile>
    <ClCompile Include="MainApp.cpp">
      <Filter>Source Files</Filter>
    </ClCompile>
    <ClCompile Include="Logger.cpp">
      <Filter>Source Files</Filter>
    </ClCompile>
    <ClCompile Include="AchievementManager.cpp">
      <Filter>Source Files</Filter>
    </ClCompile>
  </ItemGroup>
  <ItemGroup>
    <ClInclude Include="resource.h">
      <Filter>Header Files</Filter>
    </ClInclude>
    <ClInclude Include="ConfigManager.h">
      <Filter>Header Files</Filter>
    </ClInclude>
    <ClInclude Include="MainApp.h">
      <Filter>Header Files</Filter>
    </ClInclude>
    <ClInclude Include="SteamHeaders\isteamscreenshots.h">
      <Filter>Header Files\Steam</Filter>
    </ClInclude>
    <ClInclude Include="SteamHeaders\isteamtimeline.h">
      <Filter>Header Files\Steam</Filter>
    </ClInclude>
    <ClInclude Include="SteamHeaders\isteamugc.h">
      <Filter>Header Files\Steam</Filter>
    </ClInclude>
    <ClInclude Include="SteamHeaders\isteamuser.h">
      <Filter>Header Files\Steam</Filter>
    </ClInclude>
    <ClInclude Include="SteamHeaders\isteamuserstats.h">
      <Filter>Header Files\Steam</Filter>
    </ClInclude>
    <ClInclude Include="SteamHeaders\isteamutils.h">
      <Filter>Header Files\Steam</Filter>
    </ClInclude>
    <ClInclude Include="SteamHeaders\isteamvideo.h">
      <Filter>Header Files\Steam</Filter>
    </ClInclude>
    <ClInclude Include="SteamHeaders\matchmakingtypes.h">
      <Filter>Header Files\Steam</Filter>
    </ClInclude>
    <ClInclude Include="SteamHeaders\steam_api.h">
      <Filter>Header Files\Steam</Filter>
    </ClInclude>
    <ClInclude Include="SteamHeaders\steam_api_common.h">
      <Filter>Header Files\Steam</Filter>
    </ClInclude>
    <ClInclude Include="SteamHeaders\steam_api_flat.h">
      <Filter>Header Files\Steam</Filter>
    </ClInclude>
    <ClInclude Include="SteamHeaders\steam_api_internal.h">
      <Filter>Header Files\Steam</Filter>
    </ClInclude>
    <ClInclude Include="SteamHeaders\steam_gameserver.h">
      <Filter>Header Files\Steam</Filter>
    </ClInclude>
    <ClInclude Include="SteamHeaders\steamclientpublic.h">
      <Filter>Header Files\Steam</Filter>
    </ClInclude>
    <ClInclude Include="SteamHeaders\steamencryptedappticket.h">
      <Filter>Header Files\Steam</Filter>
    </ClInclude>
    <ClInclude Include="SteamHeaders\steamhttpenums.h">
      <Filter>Header Files\Steam</Filter>
    </ClInclude>
    <ClInclude Include="SteamHeaders\steamnetworkingfakeip.h">
      <Filter>Header Files\Steam</Filter>
    </ClInclude>
    <ClInclude Include="SteamHeaders\steamnetworkingtypes.h">
      <Filter>Header Files\Steam</Filter>
    </ClInclude>
    <ClInclude Include="SteamHeaders\steamps3params.h">
      <Filter>Header Files\Steam</Filter>
    </ClInclude>
    <ClInclude Include="SteamHeaders\steamtypes.h">
      <Filter>Header Files\Steam</Filter>
    </ClInclude>
    <ClInclude Include="SteamHeaders\steamuniverse.h">
      <Filter>Header Files\Steam</Filter>
    </ClInclude>
    <ClInclude Include="SteamHeaders\isteamapps.h">
      <Filter>Header Files\Steam</Filter>
    </ClInclude>
    <ClInclude Include="SteamHeaders\isteamappticket.h">
      <Filter>Header Files\Steam</Filter>
    </ClInclude>
    <ClInclude Include="SteamHeaders\isteamclient.h">
      <Filter>Header Files\Steam</Filter>
    </ClInclude>
    <ClInclude Include="SteamHeaders\isteamcontroller.h">
      <Filter>Header Files\Steam</Filter>
    </ClInclude>
    <ClInclude Include="SteamHeaders\isteamdualsense.h">
      <Filter>Header Files\Steam</Filter>
    </ClInclude>
    <ClInclude Include="SteamHeaders\isteamfriends.h">
      <Filter>Header Files\Steam</Filter>
    </ClInclude>
    <ClInclude Include="SteamHeaders\isteamgamecoordinator.h">
      <Filter>Header Files\Steam</Filter>
    </ClInclude>
    <ClInclude Include="SteamHeaders\isteamgameserver.h">
      <Filter>Header Files\Steam</Filter>
    </ClInclude>
    <ClInclude Include="SteamHeaders\isteamgameserverstats.h">
      <Filter>Header Files\Steam</Filter>
    </ClInclude>
    <ClInclude Include="SteamHeaders\isteamhtmlsurface.h">
      <Filter>Header Files\Steam</Filter>
    </ClInclude>
    <ClInclude Include="SteamHeaders\isteamhttp.h">
      <Filter>Header Files\Steam</Filter>
    </ClInclude>
    <ClInclude Include="SteamHeaders\isteaminput.h">
      <Filter>Header Files\Steam</Filter>
    </ClInclude>
    <ClInclude Include="SteamHeaders\isteaminventory.h">
      <Filter>Header Files\Steam</Filter>
    </ClInclude>
    <ClInclude Include="SteamHeaders\isteammatchmaking.h">
      <Filter>Header Files\Steam</Filter>
    </ClInclude>
    <ClInclude Include="SteamHeaders\isteammusic.h">
      <Filter>Header Files\Steam</Filter>
    </ClInclude>
    <ClInclude Include="SteamHeaders\isteammusicremote.h">
      <Filter>Header Files\Steam</Filter>
    </ClInclude>
    <ClInclude Include="SteamHeaders\isteamnetworking.h">
      <Filter>Header Files\Steam</Filter>
    </ClInclude>
    <ClInclude Include="SteamHeaders\isteamnetworkingmessages.h">
      <Filter>Header Files\Steam</Filter>
    </ClInclude>
    <ClInclude Include="SteamHeaders\isteamnetworkingsockets.h">
      <Filter>Header Files\Steam</Filter>
    </ClInclude>
    <ClInclude Include="SteamHeaders\isteamnetworkingutils.h">
      <Filter>Header Files\Steam</Filter>
    </ClInclude>
    <ClInclude Include="SteamHeaders\isteamparentalsettings.h">
      <Filter>Header Files\Steam</Filter>
    </ClInclude>
    <ClInclude Include="SteamHeaders\isteamps3overlayrenderer.h">
      <Filter>Header Files\Steam</Filter>
    </ClInclude>
    <ClInclude Include="SteamHeaders\isteamremoteplay.h">
      <Filter>Header Files\Steam</Filter>
    </ClInclude>
    <ClInclude Include="SteamHeaders\isteamremotestorage.h">
      <Filter>Header Files\Steam</Filter>
    </ClInclude>
    <ClInclude Include="Logger.h">
      <Filter>Header Files</Filter>
    </ClInclude>
    <ClInclude Include="AchievementManager.h">
      <Filter>Header Files</Filter>
    </ClInclude>
    <ClInclude Include="Lib.h">
      <Filter>Header Files</Filter>
    </ClInclude>
    <ClInclude Include="comLib.h">
      <Filter>Header Files</Filter>
    </ClInclude>
  </ItemGroup>
  <ItemGroup>
    <ResourceCompile Include="Launcher.rc">
      <Filter>Resource Files</Filter>
    </ResourceCompile>
  </ItemGroup>
  <ItemGroup>
    <None Include="SteamHeaders\steam_api.json">
      <Filter>Header Files\Steam</Filter>
    </None>
    <None Include="steam_api.dll">
      <Filter>Source Files</Filter>
    </None>
    <None Include="steam_api64.dll">
      <Filter>Source Files</Filter>
    </None>
  </ItemGroup>
  <ItemGroup>
    <Library Include="steam_api.lib">
      <Filter>Source Files</Filter>
    </Library>
    <Library Include="steam_api64.lib">
      <Filter>Source Files</Filter>
    </Library>
  </ItemGroup>
</Project>